
Microsoft Visual Studio Solution File, Format Version 12.00
# Visual Studio Version 16
VisualStudioVersion = 16.0.31205.134
MinimumVisualStudioVersion = 10.0.40219.1
Project("{FAE04EC0-301F-11D3-BF4B-00C04F79EFBC}") = "vuln-netframework", "vuln-netframework\vuln-netframework.csproj", "{B9DCA333-AD9D-47F7-A776-2CCCC540B43F}"
EndProject
Project("{FAE04EC0-301F-11D3-BF4B-00C04F79EFBC}") = "DI", "DI\DI.csproj", "{348845FD-9624-4140-81E2-670C041D6B54}"
EndProject
Global
	GlobalSection(SolutionConfigurationPlatforms) = preSolution
		Debug|Any CPU = Debug|Any CPU
		Release|Any CPU = Release|Any CPU
	EndGlobalSection
	GlobalSection(ProjectConfigurationPlatforms) = postSolution
		{B9DCA333-AD9D-47F7-A776-2CCCC540B43F}.Debug|Any CPU.ActiveCfg = Debug|Any CPU
		{B9DCA333-AD9D-47F7-A776-2CCCC540B43F}.Debug|Any CPU.Build.0 = Debug|Any CPU
		{B9DCA333-AD9D-47F7-A776-2CCCC540B43F}.Release|Any CPU.ActiveCfg = Release|Any CPU
		{B9DCA333-AD9D-47F7-A776-2CCCC540B43F}.Release|Any CPU.Build.0 = Release|Any CPU
		{348845FD-9624-4140-81E2-670C041D6B54}.Debug|Any CPU.ActiveCfg = Debug|Any CPU
		{348845FD-9624-4140-81E2-670C041D6B54}.Debug|Any CPU.Build.0 = Debug|Any CPU
		{348845FD-9624-4140-81E2-670C041D6B54}.Release|Any CPU.ActiveCfg = Release|Any CPU
		{348845FD-9624-4140-81E2-670C041D6B54}.Release|Any CPU.Build.0 = Release|Any CPU
	EndGlobalSection
	GlobalSection(SolutionProperties) = preSolution
		HideSolutionNode = FALSE
	EndGlobalSection
	GlobalSection(ExtensibilityGlobals) = postSolution
		SolutionGuid = {A05CF70F-15B5-4B8A-B92D-21E4C09C37D1}
	EndGlobalSection
EndGlobal
